
Microsoft Visual Studio Solution File, Format Version 12.00
# Visual Studio Version 17
VisualStudioVersion = 17.1.32407.343
MinimumVisualStudioVersion = 10.0.40219.1
Project("{FAE04EC0-301F-11D3-BF4B-00C04F79EFBC}") = "Patterns", "Patterns\Patterns.csproj", "{49FE2F96-EE09-4D0D-8068-DE2FD2057228}"
EndProject
Global
	GlobalSection(SolutionConfigurationPlatforms) = preSolution
		Debug|Any CPU = Debug|Any CPU
		Release|Any CPU = Release|Any CPU
	EndGlobalSection
	GlobalSection(ProjectConfigurationPlatforms) = postSolution
		{49FE2F96-EE09-4D0D-8068-DE2FD2057228}.Debug|Any CPU.ActiveCfg = Debug|Any CPU
		{49FE2F96-EE09-4D0D-8068-DE2FD2057228}.Debug|Any CPU.Build.0 = Debug|Any CPU
		{49FE2F96-EE09-4D0D-8068-DE2FD2057228}.Release|Any CPU.ActiveCfg = Release|Any CPU
		{49FE2F96-EE09-4D0D-8068-DE2FD2057228}.Release|Any CPU.Build.0 = Release|Any CPU
	EndGlobalSection
	GlobalSection(SolutionProperties) = preSolution
		HideSolutionNode = FALSE
	EndGlobalSection
	GlobalSection(ExtensibilityGlobals) = postSolution
		SolutionGuid = {B2378B7D-D2BB-4CB0-9DB1-4C367A28B0C4}
	EndGlobalSection
EndGlobal
